
Microsoft Visual Studio Solution File, Format Version 12.00
# Visual Studio 15
VisualStudioVersion = 15.0.27130.2010
MinimumVisualStudioVersion = 10.0.40219.1
Project("{9A19103F-16F7-4668-BE54-9A1E7A4F7556}") = "Autohandel.Domain", "Autohandel.Domain\Autohandel.Domain.csproj", "{1763B566-2758-4F88-9347-085382252E6D}"
EndProject
Project("{9A19103F-16F7-4668-BE54-9A1E7A4F7556}") = "Autohandel.web", "Autohandel.web\Autohandel.web.csproj", "{6E657B63-FE5F-43E7-AF8C-999EE758C07B}"
EndProject
Project("{FAE04EC0-301F-11D3-BF4B-00C04F79EFBC}") = "B4.EE.DellobelI.Android", "B4.EE.Dellobel\B4.EE.Dellobel.Android\B4.EE.DellobelI.Android.csproj", "{70993925-4307-41EA-AFF7-014D18BD5509}"
EndProject
Project("{FAE04EC0-301F-11D3-BF4B-00C04F79EFBC}") = "B4.EE.DellobelI.iOS", "B4.EE.Dellobel\B4.EE.Dellobel.iOS\B4.EE.DellobelI.iOS.csproj", "{A5662012-415B-4DAB-8CB9-DBCD6EA01664}"
EndProject
Project("{FAE04EC0-301F-11D3-BF4B-00C04F79EFBC}") = "B4.EE.DellobelI.UWP", "B4.EE.Dellobel\B4.EE.Dellobel.UWP\B4.EE.DellobelI.UWP.csproj", "{E7171D41-BE8A-4202-97A4-CF87219BBB17}"
EndProject
Project("{FAE04EC0-301F-11D3-BF4B-00C04F79EFBC}") = "B4.EE.DellobelI", "B4.EE.Dellobel\B4.EE.Dellobel\B4.EE.DellobelI.csproj", "{8616EA61-690F-42BB-BD58-804DAA88A7F1}"
EndProject
Global
	GlobalSection(SolutionConfigurationPlatforms) = preSolution
		Ad-Hoc|Any CPU = Ad-Hoc|Any CPU
		Ad-Hoc|ARM = Ad-Hoc|ARM
		Ad-Hoc|iPhone = Ad-Hoc|iPhone
		Ad-Hoc|iPhoneSimulator = Ad-Hoc|iPhoneSimulator
		Ad-Hoc|x64 = Ad-Hoc|x64
		Ad-Hoc|x86 = Ad-Hoc|x86
		AppStore|Any CPU = AppStore|Any CPU
		AppStore|ARM = AppStore|ARM
		AppStore|iPhone = AppStore|iPhone
		AppStore|iPhoneSimulator = AppStore|iPhoneSimulator
		AppStore|x64 = AppStore|x64
		AppStore|x86 = AppStore|x86
		Debug|Any CPU = Debug|Any CPU
		Debug|ARM = Debug|ARM
		Debug|iPhone = Debug|iPhone
		Debug|iPhoneSimulator = Debug|iPhoneSimulator
		Debug|x64 = Debug|x64
		Debug|x86 = Debug|x86
		Release|Any CPU = Release|Any CPU
		Release|ARM = Release|ARM
		Release|iPhone = Release|iPhone
		Release|iPhoneSimulator = Release|iPhoneSimulator
		Release|x64 = Release|x64
		Release|x86 = Release|x86
	EndGlobalSection
	GlobalSection(ProjectConfigurationPlatforms) = postSolution
		{1763B566-2758-4F88-9347-085382252E6D}.Ad-Hoc|Any CPU.ActiveCfg = Release|Any CPU
		{1763B566-2758-4F88-9347-085382252E6D}.Ad-Hoc|Any CPU.Build.0 = Release|Any CPU
		{1763B566-2758-4F88-9347-085382252E6D}.Ad-Hoc|ARM.ActiveCfg = Release|Any CPU
		{1763B566-2758-4F88-9347-085382252E6D}.Ad-Hoc|ARM.Build.0 = Release|Any CPU
		{1763B566-2758-4F88-9347-085382252E6D}.Ad-Hoc|iPhone.ActiveCfg = Release|Any CPU
		{1763B566-2758-4F88-9347-085382252E6D}.Ad-Hoc|iPhone.Build.0 = Release|Any CPU
		{1763B566-2758-4F88-9347-085382252E6D}.Ad-Hoc|iPhoneSimulator.ActiveCfg = Release|Any CPU
		{1763B566-2758-4F88-9347-085382252E6D}.Ad-Hoc|iPhoneSimulator.Build.0 = Release|Any CPU
		{1763B566-2758-4F88-9347-085382252E6D}.Ad-Hoc|x64.ActiveCfg = Release|Any CPU
		{1763B566-2758-4F88-9347-085382252E6D}.Ad-Hoc|x64.Build.0 = Release|Any CPU
		{1763B566-2758-4F88-9347-085382252E6D}.Ad-Hoc|x86.ActiveCfg = Release|Any CPU
		{1763B566-2758-4F88-9347-085382252E6D}.Ad-Hoc|x86.Build.0 = Release|Any CPU
		{1763B566-2758-4F88-9347-085382252E6D}.AppStore|Any CPU.ActiveCfg = Release|Any CPU
		{1763B566-2758-4F88-9347-085382252E6D}.AppStore|Any CPU.Build.0 = Release|Any CPU
		{1763B566-2758-4F88-9347-085382252E6D}.AppStore|ARM.ActiveCfg = Release|Any CPU
		{1763B566-2758-4F88-9347-085382252E6D}.AppStore|ARM.Build.0 = Release|Any CPU
		{1763B566-2758-4F88-9347-085382252E6D}.AppStore|iPhone.ActiveCfg = Release|Any CPU
		{1763B566-2758-4F88-9347-085382252E6D}.AppStore|iPhone.Build.0 = Release|Any CPU
		{1763B566-2758-4F88-9347-085382252E6D}.AppStore|iPhoneSimulator.ActiveCfg = Release|Any CPU
		{1763B566-2758-4F88-9347-085382252E6D}.AppStore|iPhoneSimulator.Build.0 = Release|Any CPU
		{1763B566-2758-4F88-9347-085382252E6D}.AppStore|x64.ActiveCfg = Release|Any CPU
		{1763B566-2758-4F88-9347-085382252E6D}.AppStore|x64.Build.0 = Release|Any CPU
		{1763B566-2758-4F88-9347-085382252E6D}.AppStore|x86.ActiveCfg = Release|Any CPU
		{1763B566-2758-4F88-9347-085382252E6D}.AppStore|x86.Build.0 = Release|Any CPU
		{1763B566-2758-4F88-9347-085382252E6D}.Debug|Any CPU.ActiveCfg = Debug|Any CPU
		{1763B566-2758-4F88-9347-085382252E6D}.Debug|Any CPU.Build.0 = Debug|Any CPU
		{1763B566-2758-4F88-9347-085382252E6D}.Debug|ARM.ActiveCfg = Debug|Any CPU
		{1763B566-2758-4F88-9347-085382252E6D}.Debug|ARM.Build.0 = Debug|Any CPU
		{1763B566-2758-4F88-9347-085382252E6D}.Debug|iPhone.ActiveCfg = Debug|Any CPU
		{1763B566-2758-4F88-9347-085382252E6D}.Debug|iPhone.Build.0 = Debug|Any CPU
		{1763B566-2758-4F88-9347-085382252E6D}.Debug|iPhoneSimulator.ActiveCfg = Debug|Any CPU
		{1763B566-2758-4F88-9347-085382252E6D}.Debug|iPhoneSimulator.Build.0 = Debug|Any CPU
		{1763B566-2758-4F88-9347-085382252E6D}.Debug|x64.ActiveCfg = Debug|Any CPU
		{1763B566-2758-4F88-9347-085382252E6D}.Debug|x64.Build.0 = Debug|Any CPU
		{1763B566-2758-4F88-9347-085382252E6D}.Debug|x86.ActiveCfg = Debug|Any CPU
		{1763B566-2758-4F88-9347-085382252E6D}.Debug|x86.Build.0 = Debug|Any CPU
		{1763B566-2758-4F88-9347-085382252E6D}.Release|Any CPU.ActiveCfg = Release|Any CPU
		{1763B566-2758-4F88-9347-085382252E6D}.Release|Any CPU.Build.0 = Release|Any CPU
		{1763B566-2758-4F88-9347-085382252E6D}.Release|ARM.ActiveCfg = Release|Any CPU
		{1763B566-2758-4F88-9347-085382252E6D}.Release|ARM.Build.0 = Release|Any CPU
		{1763B566-2758-4F88-9347-085382252E6D}.Release|iPhone.ActiveCfg = Release|Any CPU
		{1763B566-2758-4F88-9347-085382252E6D}.Release|iPhone.Build.0 = Release|Any CPU
		{1763B566-2758-4F88-9347-085382252E6D}.Release|iPhoneSimulator.ActiveCfg = Release|Any CPU
		{1763B566-2758-4F88-9347-085382252E6D}.Release|iPhoneSimulator.Build.0 = Release|Any CPU
		{1763B566-2758-4F88-9347-085382252E6D}.Release|x64.ActiveCfg = Release|Any CPU
		{1763B566-2758-4F88-9347-085382252E6D}.Release|x64.Build.0 = Release|Any CPU
		{1763B566-2758-4F88-9347-085382252E6D}.Release|x86.ActiveCfg = Release|Any CPU
		{1763B566-2758-4F88-9347-085382252E6D}.Release|x86.Build.0 = Release|Any CPU
		{6E657B63-FE5F-43E7-AF8C-999EE758C07B}.Ad-Hoc|Any CPU.ActiveCfg = Release|Any CPU
		{6E657B63-FE5F-43E7-AF8C-999EE758C07B}.Ad-Hoc|Any CPU.Build.0 = Release|Any CPU
		{6E657B63-FE5F-43E7-AF8C-999EE758C07B}.Ad-Hoc|ARM.ActiveCfg = Release|Any CPU
		{6E657B63-FE5F-43E7-AF8C-999EE758C07B}.Ad-Hoc|ARM.Build.0 = Release|Any CPU
		{6E657B63-FE5F-43E7-AF8C-999EE758C07B}.Ad-Hoc|iPhone.ActiveCfg = Release|Any CPU
		{6E657B63-FE5F-43E7-AF8C-999EE758C07B}.Ad-Hoc|iPhone.Build.0 = Release|Any CPU
		{6E657B63-FE5F-43E7-AF8C-999EE758C07B}.Ad-Hoc|iPhoneSimulator.ActiveCfg = Release|Any CPU
		{6E657B63-FE5F-43E7-AF8C-999EE758C07B}.Ad-Hoc|iPhoneSimulator.Build.0 = Release|Any CPU
		{6E657B63-FE5F-43E7-AF8C-999EE758C07B}.Ad-Hoc|x64.ActiveCfg = Release|Any CPU
		{6E657B63-FE5F-43E7-AF8C-999EE758C07B}.Ad-Hoc|x64.Build.0 = Release|Any CPU
		{6E657B63-FE5F-43E7-AF8C-999EE758C07B}.Ad-Hoc|x86.ActiveCfg = Release|Any CPU
		{6E657B63-FE5F-43E7-AF8C-999EE758C07B}.Ad-Hoc|x86.Build.0 = Release|Any CPU
		{6E657B63-FE5F-43E7-AF8C-999EE758C07B}.AppStore|Any CPU.ActiveCfg = Release|Any CPU
		{6E657B63-FE5F-43E7-AF8C-999EE758C07B}.AppStore|Any CPU.Build.0 = Release|Any CPU
		{6E657B63-FE5F-43E7-AF8C-999EE758C07B}.AppStore|ARM.ActiveCfg = Release|Any CPU
		{6E657B63-FE5F-43E7-AF8C-999EE758C07B}.AppStore|ARM.Build.0 = Release|Any CPU
		{6E657B63-FE5F-43E7-AF8C-999EE758C07B}.AppStore|iPhone.ActiveCfg = Release|Any CPU
		{6E657B63-FE5F-43E7-AF8C-999EE758C07B}.AppStore|iPhone.Build.0 = Release|Any CPU
		{6E657B63-FE5F-43E7-AF8C-999EE758C07B}.AppStore|iPhoneSimulator.ActiveCfg = Release|Any CPU
		{6E657B63-FE5F-43E7-AF8C-999EE758C07B}.AppStore|iPhoneSimulator.Build.0 = Release|Any CPU
		{6E657B63-FE5F-43E7-AF8C-999EE758C07B}.AppStore|x64.ActiveCfg = Release|Any CPU
		{6E657B63-FE5F-43E7-AF8C-999EE758C07B}.AppStore|x64.Build.0 = Release|Any CPU
		{6E657B63-FE5F-43E7-AF8C-999EE758C07B}.AppStore|x86.ActiveCfg = Release|Any CPU
		{6E657B63-FE5F-43E7-AF8C-999EE758C07B}.AppStore|x86.Build.0 = Release|Any CPU
		{6E657B63-FE5F-43E7-AF8C-999EE758C07B}.Debug|Any CPU.ActiveCfg = Debug|Any CPU
		{6E657B63-FE5F-43E7-AF8C-999EE758C07B}.Debug|Any CPU.Build.0 = Debug|Any CPU
		{6E657B63-FE5F-43E7-AF8C-999EE758C07B}.Debug|ARM.ActiveCfg = Debug|Any CPU
		{6E657B63-FE5F-43E7-AF8C-999EE758C07B}.Debug|ARM.Build.0 = Debug|Any CPU
		{6E657B63-FE5F-43E7-AF8C-999EE758C07B}.Debug|iPhone.ActiveCfg = Debug|Any CPU
		{6E657B63-FE5F-43E7-AF8C-999EE758C07B}.Debug|iPhone.Build.0 = Debug|Any CPU
		{6E657B63-FE5F-43E7-AF8C-999EE758C07B}.Debug|iPhoneSimulator.ActiveCfg = Debug|Any CPU
		{6E657B63-FE5F-43E7-AF8C-999EE758C07B}.Debug|iPhoneSimulator.Build.0 = Debug|Any CPU
		{6E657B63-FE5F-43E7-AF8C-999EE758C07B}.Debug|x64.ActiveCfg = Debug|Any CPU
		{6E657B63-FE5F-43E7-AF8C-999EE758C07B}.Debug|x64.Build.0 = Debug|Any CPU
		{6E657B63-FE5F-43E7-AF8C-999EE758C07B}.Debug|x86.ActiveCfg = Debug|Any CPU
		{6E657B63-FE5F-43E7-AF8C-999EE758C07B}.Debug|x86.Build.0 = Debug|Any CPU
		{6E657B63-FE5F-43E7-AF8C-999EE758C07B}.Release|Any CPU.ActiveCfg = Release|Any CPU
		{6E657B63-FE5F-43E7-AF8C-999EE758C07B}.Release|Any CPU.Build.0 = Release|Any CPU
		{6E657B63-FE5F-43E7-AF8C-999EE758C07B}.Release|ARM.ActiveCfg = Release|Any CPU
		{6E657B63-FE5F-43E7-AF8C-999EE758C07B}.Release|ARM.Build.0 = Release|Any CPU
		{6E657B63-FE5F-43E7-AF8C-999EE758C07B}.Release|iPhone.ActiveCfg = Release|Any CPU
		{6E657B63-FE5F-43E7-AF8C-999EE758C07B}.Release|iPhone.Build.0 = Release|Any CPU
		{6E657B63-FE5F-43E7-AF8C-999EE758C07B}.Release|iPhoneSimulator.ActiveCfg = Release|Any CPU
		{6E657B63-FE5F-43E7-AF8C-999EE758C07B}.Release|iPhoneSimulator.Build.0 = Release|Any CPU
		{6E657B63-FE5F-43E7-AF8C-999EE758C07B}.Release|x64.ActiveCfg = Release|Any CPU
		{6E657B63-FE5F-43E7-AF8C-999EE758C07B}.Release|x64.Build.0 = Release|Any CPU
		{6E657B63-FE5F-43E7-AF8C-999EE758C07B}.Release|x86.ActiveCfg = Release|Any CPU
		{6E657B63-FE5F-43E7-AF8C-999EE758C07B}.Release|x86.Build.0 = Release|Any CPU
		{70993925-4307-41EA-AFF7-014D18BD5509}.Ad-Hoc|Any CPU.ActiveCfg = Release|Any CPU
		{70993925-4307-41EA-AFF7-014D18BD5509}.Ad-Hoc|Any CPU.Build.0 = Release|Any CPU
		{70993925-4307-41EA-AFF7-014D18BD5509}.Ad-Hoc|Any CPU.Deploy.0 = Release|Any CPU
		{70993925-4307-41EA-AFF7-014D18BD5509}.Ad-Hoc|ARM.ActiveCfg = Release|Any CPU
		{70993925-4307-41EA-AFF7-014D18BD5509}.Ad-Hoc|ARM.Build.0 = Release|Any CPU
		{70993925-4307-41EA-AFF7-014D18BD5509}.Ad-Hoc|ARM.Deploy.0 = Release|Any CPU
		{70993925-4307-41EA-AFF7-014D18BD5509}.Ad-Hoc|iPhone.ActiveCfg = Release|Any CPU
		{70993925-4307-41EA-AFF7-014D18BD5509}.Ad-Hoc|iPhone.Build.0 = Release|Any CPU
		{70993925-4307-41EA-AFF7-014D18BD5509}.Ad-Hoc|iPhone.Deploy.0 = Release|Any CPU
		{70993925-4307-41EA-AFF7-014D18BD5509}.Ad-Hoc|iPhoneSimulator.ActiveCfg = Release|Any CPU
		{70993925-4307-41EA-AFF7-014D18BD5509}.Ad-Hoc|iPhoneSimulator.Build.0 = Release|Any CPU
		{70993925-4307-41EA-AFF7-014D18BD5509}.Ad-Hoc|iPhoneSimulator.Deploy.0 = Release|Any CPU
		{70993925-4307-41EA-AFF7-014D18BD5509}.Ad-Hoc|x64.ActiveCfg = Release|Any CPU
		{70993925-4307-41EA-AFF7-014D18BD5509}.Ad-Hoc|x64.Build.0 = Release|Any CPU
		{70993925-4307-41EA-AFF7-014D18BD5509}.Ad-Hoc|x64.Deploy.0 = Release|Any CPU
		{70993925-4307-41EA-AFF7-014D18BD5509}.Ad-Hoc|x86.ActiveCfg = Release|Any CPU
		{70993925-4307-41EA-AFF7-014D18BD5509}.Ad-Hoc|x86.Build.0 = Release|Any CPU
		{70993925-4307-41EA-AFF7-014D18BD5509}.Ad-Hoc|x86.Deploy.0 = Release|Any CPU
		{70993925-4307-41EA-AFF7-014D18BD5509}.AppStore|Any CPU.ActiveCfg = Release|Any CPU
		{70993925-4307-41EA-AFF7-014D18BD5509}.AppStore|Any CPU.Build.0 = Release|Any CPU
		{70993925-4307-41EA-AFF7-014D18BD5509}.AppStore|Any CPU.Deploy.0 = Release|Any CPU
		{70993925-4307-41EA-AFF7-014D18BD5509}.AppStore|ARM.ActiveCfg = Release|Any CPU
		{70993925-4307-41EA-AFF7-014D18BD5509}.AppStore|ARM.Build.0 = Release|Any CPU
		{70993925-4307-41EA-AFF7-014D18BD5509}.AppStore|ARM.Deploy.0 = Release|Any CPU
		{70993925-4307-41EA-AFF7-014D18BD5509}.AppStore|iPhone.ActiveCfg = Release|Any CPU
		{70993925-4307-41EA-AFF7-014D18BD5509}.AppStore|iPhone.Build.0 = Release|Any CPU
		{70993925-4307-41EA-AFF7-014D18BD5509}.AppStore|iPhone.Deploy.0 = Release|Any CPU
		{70993925-4307-41EA-AFF7-014D18BD5509}.AppStore|iPhoneSimulator.ActiveCfg = Release|Any CPU
		{70993925-4307-41EA-AFF7-014D18BD5509}.AppStore|iPhoneSimulator.Build.0 = Release|Any CPU
		{70993925-4307-41EA-AFF7-014D18BD5509}.AppStore|iPhoneSimulator.Deploy.0 = Release|Any CPU
		{70993925-4307-41EA-AFF7-014D18BD5509}.AppStore|x64.ActiveCfg = Release|Any CPU
		{70993925-4307-41EA-AFF7-014D18BD5509}.AppStore|x64.Build.0 = Release|Any CPU
		{70993925-4307-41EA-AFF7-014D18BD5509}.AppStore|x64.Deploy.0 = Release|Any CPU
		{70993925-4307-41EA-AFF7-014D18BD5509}.AppStore|x86.ActiveCfg = Release|Any CPU
		{70993925-4307-41EA-AFF7-014D18BD5509}.AppStore|x86.Build.0 = Release|Any CPU
		{70993925-4307-41EA-AFF7-014D18BD5509}.AppStore|x86.Deploy.0 = Release|Any CPU
		{70993925-4307-41EA-AFF7-014D18BD5509}.Debug|Any CPU.ActiveCfg = Debug|Any CPU
		{70993925-4307-41EA-AFF7-014D18BD5509}.Debug|Any CPU.Build.0 = Debug|Any CPU
		{70993925-4307-41EA-AFF7-014D18BD5509}.Debug|Any CPU.Deploy.0 = Debug|Any CPU
		{70993925-4307-41EA-AFF7-014D18BD5509}.Debug|ARM.ActiveCfg = Debug|Any CPU
		{70993925-4307-41EA-AFF7-014D18BD5509}.Debug|ARM.Build.0 = Debug|Any CPU
		{70993925-4307-41EA-AFF7-014D18BD5509}.Debug|ARM.Deploy.0 = Debug|Any CPU
		{70993925-4307-41EA-AFF7-014D18BD5509}.Debug|iPhone.ActiveCfg = Debug|Any CPU
		{70993925-4307-41EA-AFF7-014D18BD5509}.Debug|iPhone.Build.0 = Debug|Any CPU
		{70993925-4307-41EA-AFF7-014D18BD5509}.Debug|iPhone.Deploy.0 = Debug|Any CPU
		{70993925-4307-41EA-AFF7-014D18BD5509}.Debug|iPhoneSimulator.ActiveCfg = Debug|Any CPU
		{70993925-4307-41EA-AFF7-014D18BD5509}.Debug|iPhoneSimulator.Build.0 = Debug|Any CPU
		{70993925-4307-41EA-AFF7-014D18BD5509}.Debug|iPhoneSimulator.Deploy.0 = Debug|Any CPU
		{70993925-4307-41EA-AFF7-014D18BD5509}.Debug|x64.ActiveCfg = Debug|Any CPU
		{70993925-4307-41EA-AFF7-014D18BD5509}.Debug|x64.Build.0 = Debug|Any CPU
		{70993925-4307-41EA-AFF7-014D18BD5509}.Debug|x64.Deploy.0 = Debug|Any CPU
		{70993925-4307-41EA-AFF7-014D18BD5509}.Debug|x86.ActiveCfg = Debug|Any CPU
		{70993925-4307-41EA-AFF7-014D18BD5509}.Debug|x86.Build.0 = Debug|Any CPU
		{70993925-4307-41EA-AFF7-014D18BD5509}.Debug|x86.Deploy.0 = Debug|Any CPU
		{70993925-4307-41EA-AFF7-014D18BD5509}.Release|Any CPU.ActiveCfg = Release|Any CPU
		{70993925-4307-41EA-AFF7-014D18BD5509}.Release|Any CPU.Build.0 = Release|Any CPU
		{70993925-4307-41EA-AFF7-014D18BD5509}.Release|Any CPU.Deploy.0 = Release|Any CPU
		{70993925-4307-41EA-AFF7-014D18BD5509}.Release|ARM.ActiveCfg = Release|Any CPU
		{70993925-4307-41EA-AFF7-014D18BD5509}.Release|ARM.Build.0 = Release|Any CPU
		{70993925-4307-41EA-AFF7-014D18BD5509}.Release|ARM.Deploy.0 = Release|Any CPU
		{70993925-4307-41EA-AFF7-014D18BD5509}.Release|iPhone.ActiveCfg = Release|Any CPU
		{70993925-4307-41EA-AFF7-014D18BD5509}.Release|iPhone.Build.0 = Release|Any CPU
		{70993925-4307-41EA-AFF7-014D18BD5509}.Release|iPhone.Deploy.0 = Release|Any CPU
		{70993925-4307-41EA-AFF7-014D18BD5509}.Release|iPhoneSimulator.ActiveCfg = Release|Any CPU
		{70993925-4307-41EA-AFF7-014D18BD5509}.Release|iPhoneSimulator.Build.0 = Release|Any CPU
		{70993925-4307-41EA-AFF7-014D18BD5509}.Release|iPhoneSimulator.Deploy.0 = Release|Any CPU
		{70993925-4307-41EA-AFF7-014D18BD5509}.Release|x64.ActiveCfg = Release|Any CPU
		{70993925-4307-41EA-AFF7-014D18BD5509}.Release|x64.Build.0 = Release|Any CPU
		{70993925-4307-41EA-AFF7-014D18BD5509}.Release|x64.Deploy.0 = Release|Any CPU
		{70993925-4307-41EA-AFF7-014D18BD5509}.Release|x86.ActiveCfg = Release|Any CPU
		{70993925-4307-41EA-AFF7-014D18BD5509}.Release|x86.Build.0 = Release|Any CPU
		{70993925-4307-41EA-AFF7-014D18BD5509}.Release|x86.Deploy.0 = Release|Any CPU
		{A5662012-415B-4DAB-8CB9-DBCD6EA01664}.Ad-Hoc|Any CPU.ActiveCfg = Ad-Hoc|iPhone
		{A5662012-415B-4DAB-8CB9-DBCD6EA01664}.Ad-Hoc|ARM.ActiveCfg = Ad-Hoc|iPhone
		{A5662012-415B-4DAB-8CB9-DBCD6EA01664}.Ad-Hoc|iPhone.ActiveCfg = Ad-Hoc|iPhone
		{A5662012-415B-4DAB-8CB9-DBCD6EA01664}.Ad-Hoc|iPhone.Build.0 = Ad-Hoc|iPhone
		{A5662012-415B-4DAB-8CB9-DBCD6EA01664}.Ad-Hoc|iPhoneSimulator.ActiveCfg = Ad-Hoc|iPhoneSimulator
		{A5662012-415B-4DAB-8CB9-DBCD6EA01664}.Ad-Hoc|iPhoneSimulator.Build.0 = Ad-Hoc|iPhoneSimulator
		{A5662012-415B-4DAB-8CB9-DBCD6EA01664}.Ad-Hoc|x64.ActiveCfg = Ad-Hoc|iPhone
		{A5662012-415B-4DAB-8CB9-DBCD6EA01664}.Ad-Hoc|x86.ActiveCfg = Ad-Hoc|iPhone
		{A5662012-415B-4DAB-8CB9-DBCD6EA01664}.AppStore|Any CPU.ActiveCfg = AppStore|iPhone
		{A5662012-415B-4DAB-8CB9-DBCD6EA01664}.AppStore|ARM.ActiveCfg = AppStore|iPhone
		{A5662012-415B-4DAB-8CB9-DBCD6EA01664}.AppStore|iPhone.ActiveCfg = AppStore|iPhone
		{A5662012-415B-4DAB-8CB9-DBCD6EA01664}.AppStore|iPhone.Build.0 = AppStore|iPhone
		{A5662012-415B-4DAB-8CB9-DBCD6EA01664}.AppStore|iPhoneSimulator.ActiveCfg = AppStore|iPhoneSimulator
		{A5662012-415B-4DAB-8CB9-DBCD6EA01664}.AppStore|iPhoneSimulator.Build.0 = AppStore|iPhoneSimulator
		{A5662012-415B-4DAB-8CB9-DBCD6EA01664}.AppStore|x64.ActiveCfg = AppStore|iPhone
		{A5662012-415B-4DAB-8CB9-DBCD6EA01664}.AppStore|x86.ActiveCfg = AppStore|iPhone
		{A5662012-415B-4DAB-8CB9-DBCD6EA01664}.Debug|Any CPU.ActiveCfg = Debug|iPhone
		{A5662012-415B-4DAB-8CB9-DBCD6EA01664}.Debug|ARM.ActiveCfg = Debug|iPhone
		{A5662012-415B-4DAB-8CB9-DBCD6EA01664}.Debug|iPhone.ActiveCfg = Debug|iPhone
		{A5662012-415B-4DAB-8CB9-DBCD6EA01664}.Debug|iPhone.Build.0 = Debug|iPhone
		{A5662012-415B-4DAB-8CB9-DBCD6EA01664}.Debug|iPhoneSimulator.ActiveCfg = Debug|iPhoneSimulator
		{A5662012-415B-4DAB-8CB9-DBCD6EA01664}.Debug|iPhoneSimulator.Build.0 = Debug|iPhoneSimulator
		{A5662012-415B-4DAB-8CB9-DBCD6EA01664}.Debug|x64.ActiveCfg = Debug|iPhone
		{A5662012-415B-4DAB-8CB9-DBCD6EA01664}.Debug|x86.ActiveCfg = Debug|iPhone
		{A5662012-415B-4DAB-8CB9-DBCD6EA01664}.Release|Any CPU.ActiveCfg = Release|iPhone
		{A5662012-415B-4DAB-8CB9-DBCD6EA01664}.Release|ARM.ActiveCfg = Release|iPhone
		{A5662012-415B-4DAB-8CB9-DBCD6EA01664}.Release|iPhone.ActiveCfg = Release|iPhone
		{A5662012-415B-4DAB-8CB9-DBCD6EA01664}.Release|iPhone.Build.0 = Release|iPhone
		{A5662012-415B-4DAB-8CB9-DBCD6EA01664}.Release|iPhoneSimulator.ActiveCfg = Release|iPhoneSimulator
		{A5662012-415B-4DAB-8CB9-DBCD6EA01664}.Release|iPhoneSimulator.Build.0 = Release|iPhoneSimulator
		{A5662012-415B-4DAB-8CB9-DBCD6EA01664}.Release|x64.ActiveCfg = Release|iPhone
		{A5662012-415B-4DAB-8CB9-DBCD6EA01664}.Release|x86.ActiveCfg = Release|iPhone
		{E7171D41-BE8A-4202-97A4-CF87219BBB17}.Ad-Hoc|Any CPU.ActiveCfg = Release|x86
		{E7171D41-BE8A-4202-97A4-CF87219BBB17}.Ad-Hoc|Any CPU.Build.0 = Release|x86
		{E7171D41-BE8A-4202-97A4-CF87219BBB17}.Ad-Hoc|Any CPU.Deploy.0 = Release|x86
		{E7171D41-BE8A-4202-97A4-CF87219BBB17}.Ad-Hoc|ARM.ActiveCfg = Release|ARM
		{E7171D41-BE8A-4202-97A4-CF87219BBB17}.Ad-Hoc|ARM.Build.0 = Release|ARM
		{E7171D41-BE8A-4202-97A4-CF87219BBB17}.Ad-Hoc|ARM.Deploy.0 = Release|ARM
		{E7171D41-BE8A-4202-97A4-CF87219BBB17}.Ad-Hoc|iPhone.ActiveCfg = Release|x86
		{E7171D41-BE8A-4202-97A4-CF87219BBB17}.Ad-Hoc|iPhone.Build.0 = Release|x86
		{E7171D41-BE8A-4202-97A4-CF87219BBB17}.Ad-Hoc|iPhone.Deploy.0 = Release|x86
		{E7171D41-BE8A-4202-97A4-CF87219BBB17}.Ad-Hoc|iPhoneSimulator.ActiveCfg = Release|x86
		{E7171D41-BE8A-4202-97A4-CF87219BBB17}.Ad-Hoc|iPhoneSimulator.Build.0 = Release|x86
		{E7171D41-BE8A-4202-97A4-CF87219BBB17}.Ad-Hoc|iPhoneSimulator.Deploy.0 = Release|x86
		{E7171D41-BE8A-4202-97A4-CF87219BBB17}.Ad-Hoc|x64.ActiveCfg = Release|x64
		{E7171D41-BE8A-4202-97A4-CF87219BBB17}.Ad-Hoc|x64.Build.0 = Release|x64
		{E7171D41-BE8A-4202-97A4-CF87219BBB17}.Ad-Hoc|x64.Deploy.0 = Release|x64
		{E7171D41-BE8A-4202-97A4-CF87219BBB17}.Ad-Hoc|x86.ActiveCfg = Release|x86
		{E7171D41-BE8A-4202-97A4-CF87219BBB17}.Ad-Hoc|x86.Build.0 = Release|x86
		{E7171D41-BE8A-4202-97A4-CF87219BBB17}.Ad-Hoc|x86.Deploy.0 = Release|x86
		{E7171D41-BE8A-4202-97A4-CF87219BBB17}.AppStore|Any CPU.ActiveCfg = Release|x86
		{E7171D41-BE8A-4202-97A4-CF87219BBB17}.AppStore|Any CPU.Build.0 = Release|x86
		{E7171D41-BE8A-4202-97A4-CF87219BBB17}.AppStore|Any CPU.Deploy.0 = Release|x86
		{E7171D41-BE8A-4202-97A4-CF87219BBB17}.AppStore|ARM.ActiveCfg = Release|ARM
		{E7171D41-BE8A-4202-97A4-CF87219BBB17}.AppStore|ARM.Build.0 = Release|ARM
		{E7171D41-BE8A-4202-97A4-CF87219BBB17}.AppStore|ARM.Deploy.0 = Release|ARM
		{E7171D41-BE8A-4202-97A4-CF87219BBB17}.AppStore|iPhone.ActiveCfg = Release|x86
		{E7171D41-BE8A-4202-97A4-CF87219BBB17}.AppStore|iPhone.Build.0 = Release|x86
		{E7171D41-BE8A-4202-97A4-CF87219BBB17}.AppStore|iPhone.Deploy.0 = Release|x86
		{E7171D41-BE8A-4202-97A4-CF87219BBB17}.AppStore|iPhoneSimulator.ActiveCfg = Release|x86
		{E7171D41-BE8A-4202-97A4-CF87219BBB17}.AppStore|iPhoneSimulator.Build.0 = Release|x86
		{E7171D41-BE8A-4202-97A4-CF87219BBB17}.AppStore|iPhoneSimulator.Deploy.0 = Release|x86
		{E7171D41-BE8A-4202-97A4-CF87219BBB17}.AppStore|x64.ActiveCfg = Release|x64
		{E7171D41-BE8A-4202-97A4-CF87219BBB17}.AppStore|x64.Build.0 = Release|x64
		{E7171D41-BE8A-4202-97A4-CF87219BBB17}.AppStore|x64.Deploy.0 = Release|x64
		{E7171D41-BE8A-4202-97A4-CF87219BBB17}.AppStore|x86.ActiveCfg = Release|x86
		{E7171D41-BE8A-4202-97A4-CF87219BBB17}.AppStore|x86.Build.0 = Release|x86
		{E7171D41-BE8A-4202-97A4-CF87219BBB17}.AppStore|x86.Deploy.0 = Release|x86
		{E7171D41-BE8A-4202-97A4-CF87219BBB17}.Debug|Any CPU.ActiveCfg = Debug|x86
		{E7171D41-BE8A-4202-97A4-CF87219BBB17}.Debug|ARM.ActiveCfg = Debug|ARM
		{E7171D41-BE8A-4202-97A4-CF87219BBB17}.Debug|ARM.Build.0 = Debug|ARM
		{E7171D41-BE8A-4202-97A4-CF87219BBB17}.Debug|ARM.Deploy.0 = Debug|ARM
		{E7171D41-BE8A-4202-97A4-CF87219BBB17}.Debug|iPhone.ActiveCfg = Debug|x86
		{E7171D41-BE8A-4202-97A4-CF87219BBB17}.Debug|iPhoneSimulator.ActiveCfg = Debug|x86
		{E7171D41-BE8A-4202-97A4-CF87219BBB17}.Debug|x64.ActiveCfg = Debug|x64
		{E7171D41-BE8A-4202-97A4-CF87219BBB17}.Debug|x64.Build.0 = Debug|x64
		{E7171D41-BE8A-4202-97A4-CF87219BBB17}.Debug|x64.Deploy.0 = Debug|x64
		{E7171D41-BE8A-4202-97A4-CF87219BBB17}.Debug|x86.ActiveCfg = Debug|x86
		{E7171D41-BE8A-4202-97A4-CF87219BBB17}.Debug|x86.Build.0 = Debug|x86
		{E7171D41-BE8A-4202-97A4-CF87219BBB17}.Debug|x86.Deploy.0 = Debug|x86
		{E7171D41-BE8A-4202-97A4-CF87219BBB17}.Release|Any CPU.ActiveCfg = Release|x86
		{E7171D41-BE8A-4202-97A4-CF87219BBB17}.Release|ARM.ActiveCfg = Release|ARM
		{E7171D41-BE8A-4202-97A4-CF87219BBB17}.Release|ARM.Build.0 = Release|ARM
		{E7171D41-BE8A-4202-97A4-CF87219BBB17}.Release|ARM.Deploy.0 = Release|ARM
		{E7171D41-BE8A-4202-97A4-CF87219BBB17}.Release|iPhone.ActiveCfg = Release|x86
		{E7171D41-BE8A-4202-97A4-CF87219BBB17}.Release|iPhoneSimulator.ActiveCfg = Release|x86
		{E7171D41-BE8A-4202-97A4-CF87219BBB17}.Release|x64.ActiveCfg = Release|x64
		{E7171D41-BE8A-4202-97A4-CF87219BBB17}.Release|x64.Build.0 = Release|x64
		{E7171D41-BE8A-4202-97A4-CF87219BBB17}.Release|x64.Deploy.0 = Release|x64
		{E7171D41-BE8A-4202-97A4-CF87219BBB17}.Release|x86.ActiveCfg = Release|x86
		{E7171D41-BE8A-4202-97A4-CF87219BBB17}.Release|x86.Build.0 = Release|x86
		{E7171D41-BE8A-4202-97A4-CF87219BBB17}.Release|x86.Deploy.0 = Release|x86
		{8616EA61-690F-42BB-BD58-804DAA88A7F1}.Ad-Hoc|Any CPU.ActiveCfg = Debug|Any CPU
		{8616EA61-690F-42BB-BD58-804DAA88A7F1}.Ad-Hoc|Any CPU.Build.0 = Debug|Any CPU
		{8616EA61-690F-42BB-BD58-804DAA88A7F1}.Ad-Hoc|ARM.ActiveCfg = Debug|Any CPU
		{8616EA61-690F-42BB-BD58-804DAA88A7F1}.Ad-Hoc|ARM.Build.0 = Debug|Any CPU
		{8616EA61-690F-42BB-BD58-804DAA88A7F1}.Ad-Hoc|iPhone.ActiveCfg = Debug|Any CPU
		{8616EA61-690F-42BB-BD58-804DAA88A7F1}.Ad-Hoc|iPhone.Build.0 = Debug|Any CPU
		{8616EA61-690F-42BB-BD58-804DAA88A7F1}.Ad-Hoc|iPhoneSimulator.ActiveCfg = Debug|Any CPU
		{8616EA61-690F-42BB-BD58-804DAA88A7F1}.Ad-Hoc|iPhoneSimulator.Build.0 = Debug|Any CPU
		{8616EA61-690F-42BB-BD58-804DAA88A7F1}.Ad-Hoc|x64.ActiveCfg = Debug|Any CPU
		{8616EA61-690F-42BB-BD58-804DAA88A7F1}.Ad-Hoc|x64.Build.0 = Debug|Any CPU
		{8616EA61-690F-42BB-BD58-804DAA88A7F1}.Ad-Hoc|x86.ActiveCfg = Debug|Any CPU
		{8616EA61-690F-42BB-BD58-804DAA88A7F1}.Ad-Hoc|x86.Build.0 = Debug|Any CPU
		{8616EA61-690F-42BB-BD58-804DAA88A7F1}.AppStore|Any CPU.ActiveCfg = Debug|Any CPU
		{8616EA61-690F-42BB-BD58-804DAA88A7F1}.AppStore|Any CPU.Build.0 = Debug|Any CPU
		{8616EA61-690F-42BB-BD58-804DAA88A7F1}.AppStore|ARM.ActiveCfg = Debug|Any CPU
		{8616EA61-690F-42BB-BD58-804DAA88A7F1}.AppStore|ARM.Build.0 = Debug|Any CPU
		{8616EA61-690F-42BB-BD58-804DAA88A7F1}.AppStore|iPhone.ActiveCfg = Debug|Any CPU
		{8616EA61-690F-42BB-BD58-804DAA88A7F1}.AppStore|iPhone.Build.0 = Debug|Any CPU
		{8616EA61-690F-42BB-BD58-804DAA88A7F1}.AppStore|iPhoneSimulator.ActiveCfg = Debug|Any CPU
		{8616EA61-690F-42BB-BD58-804DAA88A7F1}.AppStore|iPhoneSimulator.Build.0 = Debug|Any CPU
		{8616EA61-690F-42BB-BD58-804DAA88A7F1}.AppStore|x64.ActiveCfg = Debug|Any CPU
		{8616EA61-690F-42BB-BD58-804DAA88A7F1}.AppStore|x64.Build.0 = Debug|Any CPU
		{8616EA61-690F-42BB-BD58-804DAA88A7F1}.AppStore|x86.ActiveCfg = Debug|Any CPU
		{8616EA61-690F-42BB-BD58-804DAA88A7F1}.AppStore|x86.Build.0 = Debug|Any CPU
		{8616EA61-690F-42BB-BD58-804DAA88A7F1}.Debug|Any CPU.ActiveCfg = Debug|Any CPU
		{8616EA61-690F-42BB-BD58-804DAA88A7F1}.Debug|Any CPU.Build.0 = Debug|Any CPU
		{8616EA61-690F-42BB-BD58-804DAA88A7F1}.Debug|ARM.ActiveCfg = Debug|Any CPU
		{8616EA61-690F-42BB-BD58-804DAA88A7F1}.Debug|ARM.Build.0 = Debug|Any CPU
		{8616EA61-690F-42BB-BD58-804DAA88A7F1}.Debug|iPhone.ActiveCfg = Debug|Any CPU
		{8616EA61-690F-42BB-BD58-804DAA88A7F1}.Debug|iPhone.Build.0 = Debug|Any CPU
		{8616EA61-690F-42BB-BD58-804DAA88A7F1}.Debug|iPhoneSimulator.ActiveCfg = Debug|Any CPU
		{8616EA61-690F-42BB-BD58-804DAA88A7F1}.Debug|iPhoneSimulator.Build.0 = Debug|Any CPU
		{8616EA61-690F-42BB-BD58-804DAA88A7F1}.Debug|x64.ActiveCfg = Debug|Any CPU
		{8616EA61-690F-42BB-BD58-804DAA88A7F1}.Debug|x64.Build.0 = Debug|Any CPU
		{8616EA61-690F-42BB-BD58-804DAA88A7F1}.Debug|x86.ActiveCfg = Debug|Any CPU
		{8616EA61-690F-42BB-BD58-804DAA88A7F1}.Debug|x86.Build.0 = Debug|Any CPU
		{8616EA61-690F-42BB-BD58-804DAA88A7F1}.Release|Any CPU.ActiveCfg = Release|Any CPU
		{8616EA61-690F-42BB-BD58-804DAA88A7F1}.Release|Any CPU.Build.0 = Release|Any CPU
		{8616EA61-690F-42BB-BD58-804DAA88A7F1}.Release|ARM.ActiveCfg = Release|Any CPU
		{8616EA61-690F-42BB-BD58-804DAA88A7F1}.Release|ARM.Build.0 = Release|Any CPU
		{8616EA61-690F-42BB-BD58-804DAA88A7F1}.Release|iPhone.ActiveCfg = Release|Any CPU
		{8616EA61-690F-42BB-BD58-804DAA88A7F1}.Release|iPhone.Build.0 = Release|Any CPU
		{8616EA61-690F-42BB-BD58-804DAA88A7F1}.Release|iPhoneSimulator.ActiveCfg = Release|Any CPU
		{8616EA61-690F-42BB-BD58-804DAA88A7F1}.Release|iPhoneSimulator.Build.0 = Release|Any CPU
		{8616EA61-690F-42BB-BD58-804DAA88A7F1}.Release|x64.ActiveCfg = Release|Any CPU
		{8616EA61-690F-42BB-BD58-804DAA88A7F1}.Release|x64.Build.0 = Release|Any CPU
		{8616EA61-690F-42BB-BD58-804DAA88A7F1}.Release|x86.ActiveCfg = Release|Any CPU
		{8616EA61-690F-42BB-BD58-804DAA88A7F1}.Release|x86.Build.0 = Release|Any CPU
	EndGlobalSection
	GlobalSection(SolutionProperties) = preSolution
		HideSolutionNode = FALSE
	EndGlobalSection
	GlobalSection(ExtensibilityGlobals) = postSolution
		SolutionGuid = {BCE80F14-13C5-4C96-9859-607A8F5F6CAF}
	EndGlobalSection
EndGlobal
